
Microsoft Visual Studio Solution File, Format Version 12.00
# Visual Studio 15
VisualStudioVersion = 15.0.27004.2002
MinimumVisualStudioVersion = 10.0.40219.1
Project("{FAE04EC0-301F-11D3-BF4B-00C04F79EFBC}") = "WebApplication1", "WebApplication1\WebApplication1.csproj", "{1CB16252-1C18-455C-978A-B7E0232B8056}"
EndProject
Global
	GlobalSection(SolutionConfigurationPlatforms) = preSolution
		Debug|Any CPU = Debug|Any CPU
		Release|Any CPU = Release|Any CPU
	EndGlobalSection
	GlobalSection(ProjectConfigurationPlatforms) = postSolution
		{1CB16252-1C18-455C-978A-B7E0232B8056}.Debug|Any CPU.ActiveCfg = Debug|Any CPU
		{1CB16252-1C18-455C-978A-B7E0232B8056}.Debug|Any CPU.Build.0 = Debug|Any CPU
		{1CB16252-1C18-455C-978A-B7E0232B8056}.Release|Any CPU.ActiveCfg = Release|Any CPU
		{1CB16252-1C18-455C-978A-B7E0232B8056}.Release|Any CPU.Build.0 = Release|Any CPU
	EndGlobalSection
	GlobalSection(SolutionProperties) = preSolution
		HideSolutionNode = FALSE
	EndGlobalSection
	GlobalSection(ExtensibilityGlobals) = postSolution
		SolutionGuid = {45679AC7-6BE1-47D0-B54F-29F14503920B}
	EndGlobalSection
EndGlobal
